{
  "version": 2,
  "dependencies": {
    "net9.0": {
      "Baugen": {
        "type": "Direct",
        "requested": "[1.0.2, )",
        "resolved": "1.0.2",
        "contentHash": "AKLrW8/RiZQG9OruTFn+IPgFCTbm7eyhaQkmpyfyURucBxBpSYXsz+lG8vn1FZsXyTuBMY940bowXb7f5u+8kg==",
        "dependencies": {
          "Microsoft.CodeAnalysis.CSharp": "4.12.0"
        }
      },
      "IDisposableAnalyzers": {
        "type": "Direct",
        "requested": "[4.0.8, )",
        "resolved": "4.0.8",
        "contentHash": "vNi4NMG0CcJyjXxiNDcQ21FwV/whM9o9OEZKD+oP7tuxAqFEzX/x5OhC3OZJqW/w+8GOtCmJPBquYgMWgz0rfQ=="
      },
      "Microsoft.DotNet.ILCompiler": {
        "type": "Direct",
        "requested": "[9.0.11, )",
        "resolved": "9.0.11",
        "contentHash": "Odqp3vop0UYRcnhDSl+vLbKMqmR3S83UTGDtEonJ9I0NWMXijdhsD6rCC+IRodPIUZ7zXIFLzrT1gtJkAkOEIg=="
      },
      "Microsoft.Extensions.DependencyInjection": {
        "type": "Direct",
        "requested": "[9.0.10, )",
        "resolved": "9.0.10",
        "contentHash": "iEtXCkNd5XhjNJAOb/wO4IhDRdLIE2CsPxZggZQWJ/q2+sa8dmEPC393nnsiqdH8/4KV8Xn25IzgKPR1UEQ0og==",
        "dependencies": {
          "Microsoft.Extensions.DependencyInjection.Abstractions": "9.0.10"
        }
      },
      "Microsoft.NET.ILLink.Tasks": {
        "type": "Direct",
        "requested": "[9.0.11, )",
        "resolved": "9.0.11",
        "contentHash": "vvB9rtDmWaXgYkViT00KORBVmA3pcYsHlgd9vOPqL9sf5bKy3rvLMF1+sI1uUfVj28S3itirHlHmX5/kcpZKNw=="
      },
      "Microsoft.SourceLink.GitHub": {
        "type": "Direct",
        "requested": "[10.0.103, )",
        "resolved": "10.0.103",
        "contentHash": "qZk7r40ftpZY+/sO019sgWAWfNqC2CLSspDdAxNYCJU/bCi/8jVwvOMjzb/d5gjCRNzQ4OCYgBfhdpQyVwLTyw==",
        "dependencies": {
          "Microsoft.Build.Tasks.Git": "10.0.103",
          "Microsoft.SourceLink.Common": "10.0.103"
        }
      },
      "SmartAnalyzers.CSharpExtensions.Annotations": {
        "type": "Direct",
        "requested": "[4.2.11, )",
        "resolved": "4.2.11",
        "contentHash": "01zSK7s9KHR8g2KpvaPMvoejeEQklac1psroAimb0Gb8mO11+3dPl4yEEtNBOF9zjWmKliODMjNKpT9DHE+EYg=="
      },
      "System.Linq.Async": {
        "type": "Direct",
        "requested": "[6.0.3, )",
        "resolved": "6.0.3",
        "contentHash": "hSHiq2m1ky7zUQgTp+/2h1K3lABIQ+GltRixoclHPg/Sc1vnfeS6g/Uy5moOVZKrZJdQiFPFZd6OobBp3tZcFg=="
      },
      "ToStringWithoutOverrideAnalyzer": {
        "type": "Direct",
        "requested": "[0.6.0, )",
        "resolved": "0.6.0",
        "contentHash": "7GBA+jSpam3NV9IFqTg/ZzUMHytjEnZ0DqGpzHvKWZHV7hGNer71KuDd8rC/+6HwZHswVUzZ14JPt4gi3WhIbw=="
      },
      "Microsoft.Build.Tasks.Git": {
        "type": "Transitive",
        "resolved": "10.0.103",
        "contentHash": "QoiCMcPuxC6eqRQmrmF9zBY96ejIznXtve/lJJbonGD9I5Aygf2AUCOWslGiCEtBbfWRSuUnepBjuuVOdAl5ag=="
      },
      "Microsoft.CodeAnalysis.Analyzers": {
        "type": "Transitive",
        "resolved": "3.3.4",
        "contentHash": "AxkxcPR+rheX0SmvpLVIGLhOUXAKG56a64kV9VQZ4y9gR9ZmPXnqZvHJnmwLSwzrEP6junUF11vuc+aqo5r68g=="
      },
      "Microsoft.CodeAnalysis.Common": {
        "type": "Transitive",
        "resolved": "4.12.0",
        "contentHash": "c1kNYihL2gdcuU1dqm8R8YeA4YkB43TpU3pa2r66Uooh6AAhRtENzj9A4Kj0a+H8JDDyuTjNZql9XlVUzV+UjA==",
        "dependencies": {
          "Microsoft.CodeAnalysis.Analyzers": "3.3.4",
          "System.Collections.Immutable": "8.0.0",
          "System.Reflection.Metadata": "8.0.0"
        }
      },
      "Microsoft.CodeAnalysis.CSharp": {
        "type": "Transitive",
        "resolved": "4.12.0",
        "contentHash": "30vVQ1MizeC22iEdEvI2w0eTIYG43/L20yBzuQH01xKzJgHAoWehzI2F8u07o4mXh4DGMOjQF7aEm0zzvsG3Mg==",
        "dependencies": {
          "Microsoft.CodeAnalysis.Analyzers": "3.3.4",
          "Microsoft.CodeAnalysis.Common": "[4.12.0]",
          "System.Collections.Immutable": "8.0.0",
          "System.Reflection.Metadata": "8.0.0"
        }
      },
      "Microsoft.Extensions.DependencyInjection.Abstractions": {
        "type": "Transitive",
        "resolved": "9.0.10",
        "contentHash": "r9waLiOPe9ZF1PvzUT+RDoHvpMmY8MW+lb4lqjYGObwKpnyPMLI3odVvlmshwuZcdoHynsGWOrCPA0hxZ63lIA=="
      },
      "Microsoft.SourceLink.Common": {
        "type": "Transitive",
        "resolved": "10.0.103",
        "contentHash": "cMtGW5/r0ck72Jg2QwZcNTX59z+iB/B1kW84VMa/eX8L19DhHIuIcQjfK0pgLLBxd60Jl0Bj9GUolcM0MnJnZA=="
      },
      "Namotion.Reflection": {
        "type": "Transitive",
        "resolved": "3.4.2",
        "contentHash": "ZHrvPdAg7zV78iOTiH9ua+34rBfn4iH6Bjfo2bzUHOGD3KkjGUvqxBFy+v9p6qwV+GEeYWl4NOqXH8tVcZOMpw=="
      },
      "Newtonsoft.Json": {
        "type": "Transitive",
        "resolved": "13.0.3",
        "contentHash": "HrC5BXdl00IP9zeV+0Z848QWPAoCr9P3bDEZguI+gkLcBKAOxix/tLEAAHC+UvDNPv4a2d18lOReHMOagPa+zQ=="
      },
      "NJsonSchema": {
        "type": "Transitive",
        "resolved": "11.4.0",
        "contentHash": "0q6mr6eJk/D4jPFKyRwAPauedZK60yFE5rjA3+aqCdQm9kGE9J8xygRrLfk0Ms8wBviWbLlaZYzqAteG3b6Yag==",
        "dependencies": {
          "NJsonSchema.Annotations": "11.4.0",
          "Namotion.Reflection": "3.4.2",
          "Newtonsoft.Json": "13.0.3"
        }
      },
      "NJsonSchema.Annotations": {
        "type": "Transitive",
        "resolved": "11.4.0",
        "contentHash": "fKAGyIU9s18e9GAdNbEr2PmZdpBqb1RdAr2+EHHrdkSZNoYtwFcmN6syJaxYxeEFegoLbC3e+EU5eb7Tt1ph3Q=="
      },
      "OpenCli.Sources": {
        "type": "Transitive",
        "resolved": "0.5.0",
        "contentHash": "5FgwoxpZy9Qy7MsKHb2hZBTWXEvg7JCPuNnaqsn2g0/X9oWQVThYQ1nND1xJrq8P1aw+Gh8sirV1HbefeqSalw==",
        "dependencies": {
          "NJsonSchema": "11.4.0"
        }
      },
      "Spectre.Console": {
        "type": "Transitive",
        "resolved": "0.53.0",
        "contentHash": "m2iv8Egfywp7FaNLKCmCFHbSf36D4ctzZKvlAK9NXMyGLh6L+CnrZWK8o+LOYsoAS1jtoHn0W1BT0W8vuq/FUw=="
      },
      "System.Collections.Immutable": {
        "type": "Transitive",
        "resolved": "8.0.0",
        "contentHash": "AurL6Y5BA1WotzlEvVaIDpqzpIPvYnnldxru8oXJU2yFxFUy3+pNXjXd1ymO+RA0rq0+590Q8gaz2l3Sr7fmqg=="
      },
      "System.Reflection.Metadata": {
        "type": "Transitive",
        "resolved": "8.0.0",
        "contentHash": "ptvgrFh7PvWI8bcVqG5rsA/weWM09EnthFHR5SCnS6IN+P4mj6rE1lBDC4U8HL9/57htKAqy4KQ3bBj84cfYyQ==",
        "dependencies": {
          "System.Collections.Immutable": "8.0.0"
        }
      },
      "steplang": {
        "type": "Project",
        "dependencies": {
          "Baugen": "[1.0.2, )",
          "SmartAnalyzers.CSharpExtensions.Annotations": "[4.2.11, )",
          "StepLang.Tooling.Meta": "[1.0.0, )",
          "System.Linq.Async": "[6.0.3, )"
        }
      },
      "steplang.tooling.analysis": {
        "type": "Project",
        "dependencies": {
          "SmartAnalyzers.CSharpExtensions.Annotations": "[4.2.11, )",
          "StepLang": "[1.0.0, )"
        }
      },
      "steplang.tooling.cli": {
        "type": "Project",
        "dependencies": {
          "SmartAnalyzers.CSharpExtensions.Annotations": "[4.2.11, )",
          "Spectre.Console.Cli": "[0.53.0, )",
          "StepLang": "[1.0.0, )",
          "StepLang.Tooling.Meta": "[1.0.0, )"
        }
      },
      "steplang.tooling.highlighting": {
        "type": "Project",
        "dependencies": {
          "SmartAnalyzers.CSharpExtensions.Annotations": "[4.2.11, )",
          "StepLang": "[1.0.0, )"
        }
      },
      "steplang.tooling.meta": {
        "type": "Project",
        "dependencies": {
          "SmartAnalyzers.CSharpExtensions.Annotations": "[4.2.11, )"
        }
      },
      "Spectre.Console.Cli": {
        "type": "CentralTransitive",
        "requested": "[0.53.0, )",
        "resolved": "0.53.0",
        "contentHash": "9m26DC9IGMjA+qjlEtO2BsukmbymNvrXUtu5sh3sc2uCKHdawqVMwcnmiKO/bKKG0pHIzI1O/H2Qr/m2uh+rQw==",
        "dependencies": {
          "OpenCli.Sources": "0.5.0",
          "Spectre.Console": "0.53.0"
        }
      }
    },
    "net9.0/linux-arm64": {
      "Microsoft.DotNet.ILCompiler": {
        "type": "Direct",
        "requested": "[9.0.11, )",
        "resolved": "9.0.11",
        "contentHash": "Odqp3vop0UYRcnhDSl+vLbKMqmR3S83UTGDtEonJ9I0NWMXijdhsD6rCC+IRodPIUZ7zXIFLzrT1gtJkAkOEIg==",
        "dependencies": {
          "runtime.linux-arm64.Microsoft.DotNet.ILCompiler": "9.0.11"
        }
      },
      "runtime.linux-arm64.Microsoft.DotNet.ILCompiler": {
        "type": "Transitive",
        "resolved": "9.0.11",
        "contentHash": "Rh6wbMdHV956eQvsiZQ5o2Eb7G91on7/uEWXO2nzXFaoPMyru3wgcS7emgjYhZEsv6F93lxPcDN1qbeOYy9/uQ=="
      }
    },
    "net9.0/linux-x64": {
      "Microsoft.DotNet.ILCompiler": {
        "type": "Direct",
        "requested": "[9.0.11, )",
        "resolved": "9.0.11",
        "contentHash": "Odqp3vop0UYRcnhDSl+vLbKMqmR3S83UTGDtEonJ9I0NWMXijdhsD6rCC+IRodPIUZ7zXIFLzrT1gtJkAkOEIg==",
        "dependencies": {
          "runtime.linux-x64.Microsoft.DotNet.ILCompiler": "9.0.11"
        }
      },
      "runtime.linux-x64.Microsoft.DotNet.ILCompiler": {
        "type": "Transitive",
        "resolved": "9.0.11",
        "contentHash": "HWAfZyyTlDU86MF0B6hIqQvgJCmAe7BnoZMGvEcUDh15R4C1b6WuUc1BRyHx/boy58N5pNN3kPOa7E6QTEMQ9g=="
      }
    },
    "net9.0/osx-arm64": {
      "Microsoft.DotNet.ILCompiler": {
        "type": "Direct",
        "requested": "[9.0.11, )",
        "resolved": "9.0.11",
        "contentHash": "Odqp3vop0UYRcnhDSl+vLbKMqmR3S83UTGDtEonJ9I0NWMXijdhsD6rCC+IRodPIUZ7zXIFLzrT1gtJkAkOEIg==",
        "dependencies": {
          "runtime.osx-arm64.Microsoft.DotNet.ILCompiler": "9.0.11"
        }
      },
      "runtime.osx-arm64.Microsoft.DotNet.ILCompiler": {
        "type": "Transitive",
        "resolved": "9.0.11",
        "contentHash": "VQLtDzzBi538wQS1j6l3/L/HEnvVkibEtoRTCetDkcJN08WHAAgtemx/+pzCZrd6PgvSYeDmcfgwrcZvMuwdzg=="
      }
    },
    "net9.0/osx-x64": {
      "Microsoft.DotNet.ILCompiler": {
        "type": "Direct",
        "requested": "[9.0.11, )",
        "resolved": "9.0.11",
        "contentHash": "Odqp3vop0UYRcnhDSl+vLbKMqmR3S83UTGDtEonJ9I0NWMXijdhsD6rCC+IRodPIUZ7zXIFLzrT1gtJkAkOEIg==",
        "dependencies": {
          "runtime.osx-x64.Microsoft.DotNet.ILCompiler": "9.0.11"
        }
      },
      "runtime.osx-x64.Microsoft.DotNet.ILCompiler": {
        "type": "Transitive",
        "resolved": "9.0.11",
        "contentHash": "dz4DgFsK+pXWNhP/QNWGwskCmsan7i5jt+9odFkN2U5GzeEA808Q8D86zL/ya6oJK3oHp5xHRgfYIt5IRPsuWQ=="
      }
    },
    "net9.0/win-arm64": {
      "Microsoft.DotNet.ILCompiler": {
        "type": "Direct",
        "requested": "[9.0.11, )",
        "resolved": "9.0.11",
        "contentHash": "Odqp3vop0UYRcnhDSl+vLbKMqmR3S83UTGDtEonJ9I0NWMXijdhsD6rCC+IRodPIUZ7zXIFLzrT1gtJkAkOEIg==",
        "dependencies": {
          "runtime.win-arm64.Microsoft.DotNet.ILCompiler": "9.0.11"
        }
      },
      "runtime.win-arm64.Microsoft.DotNet.ILCompiler": {
        "type": "Transitive",
        "resolved": "9.0.11",
        "contentHash": "Zd/njjVI36q5ZXueJnjEle78mAqUkVIxIpKW3ab/AZ1w86yMwkDphYRUgpzl9FIJqpNHd5dnR5xBJ6452aT0Yg=="
      }
    },
    "net9.0/win-x64": {
      "Microsoft.DotNet.ILCompiler": {
        "type": "Direct",
        "requested": "[9.0.11, )",
        "resolved": "9.0.11",
        "contentHash": "Odqp3vop0UYRcnhDSl+vLbKMqmR3S83UTGDtEonJ9I0NWMXijdhsD6rCC+IRodPIUZ7zXIFLzrT1gtJkAkOEIg==",
        "dependencies": {
          "runtime.win-x64.Microsoft.DotNet.ILCompiler": "9.0.11"
        }
      },
      "runtime.win-x64.Microsoft.DotNet.ILCompiler": {
        "type": "Transitive",
        "resolved": "9.0.11",
        "contentHash": "r9l+enSIhQW2sSa9pELvt3p8ZVyCXP9/RnrfLDlNLKklyNtUvZ+hDC7qBCGIL2PDZaqAdogLuHf7DX6Swoy/AA=="
      }
    }
  }
}