
Microsoft Visual Studio Solution File, Format Version 12.00
# Visual Studio Version 17
VisualStudioVersion = 17.7.34003.232
MinimumVisualStudioVersion = 10.0.40219.1
Project("{9A19103F-16F7-4668-BE54-9A1E7A4F7556}") = "StepLang", "StepLang\StepLang.csproj", "{D00C8F0A-5D09-415D-AC0A-E9480C8E27E9}"
EndProject
Project("{2150E333-8FDC-42A3-9474-1A3956D46DE8}") = "Solution Items", "Solution Items", "{4EC278E0-B181-49AF-BCC1-F1F4D7133B24}"
	ProjectSection(SolutionItems) = preProject
		.editorconfig = .editorconfig
		.gitattributes = .gitattributes
		.gitignore = .gitignore
		CHANGELOG.md = CHANGELOG.md
		CODE_OF_CONDUCT.md = CODE_OF_CONDUCT.md
		CONTRIBUTING.md = CONTRIBUTING.md
		Directory.Packages.props = Directory.Packages.props
		global.json = global.json
		LICENSE.md = LICENSE.md
		NuGet.Config = NuGet.Config
		README.md = README.md
		CSharpExtensions.json = CSharpExtensions.json
		Directory.Build.props = Directory.Build.props
		Tests.props = Tests.props
		AGENTS.md = AGENTS.md
	EndProjectSection
EndProject
Project("{9A19103F-16F7-4668-BE54-9A1E7A4F7556}") = "StepLang.Tests", "StepLang.Tests\StepLang.Tests.csproj", "{CB5E44DF-C1D2-4DA9-8175-FD76F8D95A42}"
EndProject
Project("{9A19103F-16F7-4668-BE54-9A1E7A4F7556}") = "StepLang.CLI", "StepLang.CLI\StepLang.CLI.csproj", "{D8D36317-78E3-4FD9-B85B-12869B498983}"
EndProject
Project("{2150E333-8FDC-42A3-9474-1A3956D46DE8}") = "workflows", "workflows", "{995634A6-466A-41FB-BD99-D95F782EE11D}"
	ProjectSection(SolutionItems) = preProject
		.github\workflows\dotnet.yml = .github\workflows\dotnet.yml
		.github\workflows\publish.yml = .github\workflows\publish.yml
		.github\workflows\step.yml = .github\workflows\step.yml
		.github\workflows\wiki.yml = .github\workflows\wiki.yml
		.github\workflows\verify.yml = .github\workflows\verify.yml
		.github\workflows\backport.yml = .github\workflows\backport.yml
		.github\workflows\maintenance.yml = .github\workflows\maintenance.yml
		.github\workflows\pr-benchmark.yml = .github\workflows\pr-benchmark.yml
		.github\workflows\pr-benchmark-closed.yml = .github\workflows\pr-benchmark-closed.yml
		.github\workflows\benchmark.yml = .github\workflows\benchmark.yml
	EndProjectSection
EndProject
Project("{9A19103F-16F7-4668-BE54-9A1E7A4F7556}") = "StepLang.Tooling.Analysis", "StepLang.Tooling.Analysis\StepLang.Tooling.Analysis.csproj", "{728ABD46-2621-45BC-ACB1-0EF00267DCCC}"
EndProject
Project("{2150E333-8FDC-42A3-9474-1A3956D46DE8}") = "Tooling", "Tooling", "{A9BE3B66-38F1-454B-9A12-E1BF21E307CF}"
EndProject
Project("{9A19103F-16F7-4668-BE54-9A1E7A4F7556}") = "StepLang.Tooling.Analysis.Tests", "StepLang.Tooling.Analysis.Tests\StepLang.Tooling.Analysis.Tests.csproj", "{0DC701B1-15E9-4776-AFF5-9BBEA1C7D55B}"
EndProject
Project("{2150E333-8FDC-42A3-9474-1A3956D46DE8}") = ".github", ".github", "{83F45B93-DF47-468E-A956-38826263C018}"
	ProjectSection(SolutionItems) = preProject
		.github\dependabot.yml = .github\dependabot.yml
	EndProjectSection
EndProject
Project("{2150E333-8FDC-42A3-9474-1A3956D46DE8}") = "ISSUE_TEMPLATE", "ISSUE_TEMPLATE", "{851A3A44-33F7-45C6-86E9-914C5A76749B}"
	ProjectSection(SolutionItems) = preProject
		.github\ISSUE_TEMPLATE\bug_report.yml = .github\ISSUE_TEMPLATE\bug_report.yml
		.github\ISSUE_TEMPLATE\feature_request.yml = .github\ISSUE_TEMPLATE\feature_request.yml
	EndProjectSection
EndProject
Project("{FAE04EC0-301F-11D3-BF4B-00C04F79EFBC}") = "StepLang.Tooling.Highlighting", "StepLang.Tooling.Highlighting\StepLang.Tooling.Highlighting.csproj", "{4C0CFABA-DFA6-43EA-BEA3-29CB8A1E83A0}"
EndProject
Project("{FAE04EC0-301F-11D3-BF4B-00C04F79EFBC}") = "StepLang.Tooling.Highlighting.Tests", "StepLang.Tooling.Highlighting.Tests\StepLang.Tooling.Highlighting.Tests.csproj", "{6754E592-D96F-455D-86E5-142B9E7A7D21}"
EndProject
Project("{FAE04EC0-301F-11D3-BF4B-00C04F79EFBC}") = "StepLang.Tooling.CLI", "StepLang.Tooling.CLI\StepLang.Tooling.CLI.csproj", "{2C69A7EE-9A33-4E2B-90AB-4F138F4B8479}"
EndProject
Project("{FAE04EC0-301F-11D3-BF4B-00C04F79EFBC}") = "StepLang.Tooling.CLI.Tests", "StepLang.Tooling.CLI.Tests\StepLang.Tooling.CLI.Tests.csproj", "{3741C6C6-D6E5-4958-B641-E47CCBDF77E2}"
EndProject
Project("{FAE04EC0-301F-11D3-BF4B-00C04F79EFBC}") = "StepLang.Tooling.Meta", "StepLang.Tooling.Meta\StepLang.Tooling.Meta.csproj", "{ED6BF278-19C3-44DD-A504-E372B6F45C4C}"
EndProject
Project("{2150E333-8FDC-42A3-9474-1A3956D46DE8}") = "PULL_REQUEST_TEMPLATE", "PULL_REQUEST_TEMPLATE", "{092CC602-65BA-4F96-AADB-79064F388A6D}"
	ProjectSection(SolutionItems) = preProject
		.github\PULL_REQUEST_TEMPLATE\pull_request_template.md = .github\PULL_REQUEST_TEMPLATE\pull_request_template.md
	EndProjectSection
EndProject
Project("{FAE04EC0-301F-11D3-BF4B-00C04F79EFBC}") = "StepLang.Benchmarks", "StepLang.Benchmarks\StepLang.Benchmarks.csproj", "{730F22A1-D4B5-4A66-BE7C-4B2900F27835}"
EndProject
Global
	GlobalSection(SolutionConfigurationPlatforms) = preSolution
		Debug|Any CPU = Debug|Any CPU
		Release|Any CPU = Release|Any CPU
		Test|Any CPU = Test|Any CPU
	EndGlobalSection
	GlobalSection(ProjectConfigurationPlatforms) = postSolution
		{D00C8F0A-5D09-415D-AC0A-E9480C8E27E9}.Debug|Any CPU.ActiveCfg = Debug|Any CPU
		{D00C8F0A-5D09-415D-AC0A-E9480C8E27E9}.Debug|Any CPU.Build.0 = Debug|Any CPU
		{D00C8F0A-5D09-415D-AC0A-E9480C8E27E9}.Release|Any CPU.ActiveCfg = Release|Any CPU
		{D00C8F0A-5D09-415D-AC0A-E9480C8E27E9}.Release|Any CPU.Build.0 = Release|Any CPU
		{D00C8F0A-5D09-415D-AC0A-E9480C8E27E9}.Test|Any CPU.ActiveCfg = Test|Any CPU
		{D00C8F0A-5D09-415D-AC0A-E9480C8E27E9}.Test|Any CPU.Build.0 = Test|Any CPU
		{CB5E44DF-C1D2-4DA9-8175-FD76F8D95A42}.Debug|Any CPU.ActiveCfg = Debug|Any CPU
		{CB5E44DF-C1D2-4DA9-8175-FD76F8D95A42}.Debug|Any CPU.Build.0 = Debug|Any CPU
		{CB5E44DF-C1D2-4DA9-8175-FD76F8D95A42}.Test|Any CPU.ActiveCfg = Test|Any CPU
		{CB5E44DF-C1D2-4DA9-8175-FD76F8D95A42}.Test|Any CPU.Build.0 = Test|Any CPU
		{CB5E44DF-C1D2-4DA9-8175-FD76F8D95A42}.Release|Any CPU.ActiveCfg = Release|Any CPU
		{D8D36317-78E3-4FD9-B85B-12869B498983}.Debug|Any CPU.ActiveCfg = Debug|Any CPU
		{D8D36317-78E3-4FD9-B85B-12869B498983}.Debug|Any CPU.Build.0 = Debug|Any CPU
		{D8D36317-78E3-4FD9-B85B-12869B498983}.Release|Any CPU.ActiveCfg = Release|Any CPU
		{D8D36317-78E3-4FD9-B85B-12869B498983}.Release|Any CPU.Build.0 = Release|Any CPU
		{D8D36317-78E3-4FD9-B85B-12869B498983}.Test|Any CPU.ActiveCfg = Test|Any CPU
		{D8D36317-78E3-4FD9-B85B-12869B498983}.Test|Any CPU.Build.0 = Test|Any CPU
		{728ABD46-2621-45BC-ACB1-0EF00267DCCC}.Debug|Any CPU.ActiveCfg = Debug|Any CPU
		{728ABD46-2621-45BC-ACB1-0EF00267DCCC}.Debug|Any CPU.Build.0 = Debug|Any CPU
		{728ABD46-2621-45BC-ACB1-0EF00267DCCC}.Release|Any CPU.ActiveCfg = Release|Any CPU
		{728ABD46-2621-45BC-ACB1-0EF00267DCCC}.Release|Any CPU.Build.0 = Release|Any CPU
		{728ABD46-2621-45BC-ACB1-0EF00267DCCC}.Test|Any CPU.ActiveCfg = Test|Any CPU
		{728ABD46-2621-45BC-ACB1-0EF00267DCCC}.Test|Any CPU.Build.0 = Test|Any CPU
		{0DC701B1-15E9-4776-AFF5-9BBEA1C7D55B}.Debug|Any CPU.ActiveCfg = Debug|Any CPU
		{0DC701B1-15E9-4776-AFF5-9BBEA1C7D55B}.Debug|Any CPU.Build.0 = Debug|Any CPU
		{0DC701B1-15E9-4776-AFF5-9BBEA1C7D55B}.Test|Any CPU.ActiveCfg = Test|Any CPU
		{0DC701B1-15E9-4776-AFF5-9BBEA1C7D55B}.Test|Any CPU.Build.0 = Test|Any CPU
		{0DC701B1-15E9-4776-AFF5-9BBEA1C7D55B}.Release|Any CPU.ActiveCfg = Release|Any CPU
		{4C0CFABA-DFA6-43EA-BEA3-29CB8A1E83A0}.Debug|Any CPU.ActiveCfg = Debug|Any CPU
		{4C0CFABA-DFA6-43EA-BEA3-29CB8A1E83A0}.Debug|Any CPU.Build.0 = Debug|Any CPU
		{4C0CFABA-DFA6-43EA-BEA3-29CB8A1E83A0}.Release|Any CPU.ActiveCfg = Release|Any CPU
		{4C0CFABA-DFA6-43EA-BEA3-29CB8A1E83A0}.Release|Any CPU.Build.0 = Release|Any CPU
		{4C0CFABA-DFA6-43EA-BEA3-29CB8A1E83A0}.Test|Any CPU.ActiveCfg = Test|Any CPU
		{4C0CFABA-DFA6-43EA-BEA3-29CB8A1E83A0}.Test|Any CPU.Build.0 = Test|Any CPU
		{6754E592-D96F-455D-86E5-142B9E7A7D21}.Debug|Any CPU.ActiveCfg = Debug|Any CPU
		{6754E592-D96F-455D-86E5-142B9E7A7D21}.Debug|Any CPU.Build.0 = Debug|Any CPU
		{6754E592-D96F-455D-86E5-142B9E7A7D21}.Test|Any CPU.ActiveCfg = Test|Any CPU
		{6754E592-D96F-455D-86E5-142B9E7A7D21}.Test|Any CPU.Build.0 = Test|Any CPU
		{6754E592-D96F-455D-86E5-142B9E7A7D21}.Release|Any CPU.ActiveCfg = Release|Any CPU
		{2C69A7EE-9A33-4E2B-90AB-4F138F4B8479}.Debug|Any CPU.ActiveCfg = Debug|Any CPU
		{2C69A7EE-9A33-4E2B-90AB-4F138F4B8479}.Debug|Any CPU.Build.0 = Debug|Any CPU
		{2C69A7EE-9A33-4E2B-90AB-4F138F4B8479}.Release|Any CPU.ActiveCfg = Release|Any CPU
		{2C69A7EE-9A33-4E2B-90AB-4F138F4B8479}.Release|Any CPU.Build.0 = Release|Any CPU
		{2C69A7EE-9A33-4E2B-90AB-4F138F4B8479}.Test|Any CPU.ActiveCfg = Test|Any CPU
		{2C69A7EE-9A33-4E2B-90AB-4F138F4B8479}.Test|Any CPU.Build.0 = Test|Any CPU
		{3741C6C6-D6E5-4958-B641-E47CCBDF77E2}.Debug|Any CPU.ActiveCfg = Debug|Any CPU
		{3741C6C6-D6E5-4958-B641-E47CCBDF77E2}.Debug|Any CPU.Build.0 = Debug|Any CPU
		{3741C6C6-D6E5-4958-B641-E47CCBDF77E2}.Release|Any CPU.ActiveCfg = Release|Any CPU
		{3741C6C6-D6E5-4958-B641-E47CCBDF77E2}.Release|Any CPU.Build.0 = Release|Any CPU
		{3741C6C6-D6E5-4958-B641-E47CCBDF77E2}.Test|Any CPU.ActiveCfg = Test|Any CPU
		{3741C6C6-D6E5-4958-B641-E47CCBDF77E2}.Test|Any CPU.Build.0 = Test|Any CPU
		{ED6BF278-19C3-44DD-A504-E372B6F45C4C}.Debug|Any CPU.ActiveCfg = Debug|Any CPU
		{ED6BF278-19C3-44DD-A504-E372B6F45C4C}.Debug|Any CPU.Build.0 = Debug|Any CPU
		{ED6BF278-19C3-44DD-A504-E372B6F45C4C}.Release|Any CPU.ActiveCfg = Release|Any CPU
		{ED6BF278-19C3-44DD-A504-E372B6F45C4C}.Release|Any CPU.Build.0 = Release|Any CPU
		{ED6BF278-19C3-44DD-A504-E372B6F45C4C}.Test|Any CPU.ActiveCfg = Test|Any CPU
		{ED6BF278-19C3-44DD-A504-E372B6F45C4C}.Test|Any CPU.Build.0 = Test|Any CPU
		{730F22A1-D4B5-4A66-BE7C-4B2900F27835}.Debug|Any CPU.ActiveCfg = Debug|Any CPU
		{730F22A1-D4B5-4A66-BE7C-4B2900F27835}.Debug|Any CPU.Build.0 = Debug|Any CPU
		{730F22A1-D4B5-4A66-BE7C-4B2900F27835}.Release|Any CPU.ActiveCfg = Release|Any CPU
		{730F22A1-D4B5-4A66-BE7C-4B2900F27835}.Release|Any CPU.Build.0 = Release|Any CPU
		{730F22A1-D4B5-4A66-BE7C-4B2900F27835}.Test|Any CPU.ActiveCfg = Test|Any CPU
		{730F22A1-D4B5-4A66-BE7C-4B2900F27835}.Test|Any CPU.Build.0 = Test|Any CPU
	EndGlobalSection
	GlobalSection(SolutionProperties) = preSolution
		HideSolutionNode = FALSE
	EndGlobalSection
	GlobalSection(NestedProjects) = preSolution
		{728ABD46-2621-45BC-ACB1-0EF00267DCCC} = {A9BE3B66-38F1-454B-9A12-E1BF21E307CF}
		{0DC701B1-15E9-4776-AFF5-9BBEA1C7D55B} = {A9BE3B66-38F1-454B-9A12-E1BF21E307CF}
		{995634A6-466A-41FB-BD99-D95F782EE11D} = {83F45B93-DF47-468E-A956-38826263C018}
		{851A3A44-33F7-45C6-86E9-914C5A76749B} = {83F45B93-DF47-468E-A956-38826263C018}
		{4C0CFABA-DFA6-43EA-BEA3-29CB8A1E83A0} = {A9BE3B66-38F1-454B-9A12-E1BF21E307CF}
		{6754E592-D96F-455D-86E5-142B9E7A7D21} = {A9BE3B66-38F1-454B-9A12-E1BF21E307CF}
		{2C69A7EE-9A33-4E2B-90AB-4F138F4B8479} = {A9BE3B66-38F1-454B-9A12-E1BF21E307CF}
		{3741C6C6-D6E5-4958-B641-E47CCBDF77E2} = {A9BE3B66-38F1-454B-9A12-E1BF21E307CF}
		{ED6BF278-19C3-44DD-A504-E372B6F45C4C} = {A9BE3B66-38F1-454B-9A12-E1BF21E307CF}
		{092CC602-65BA-4F96-AADB-79064F388A6D} = {83F45B93-DF47-468E-A956-38826263C018}
	EndGlobalSection
EndGlobal
