
Microsoft Visual Studio Solution File, Format Version 12.00
# Visual Studio Version 17
VisualStudioVersion = 17.7.34003.232
MinimumVisualStudioVersion = 10.0.40219.1
Project("{9A19103F-16F7-4668-BE54-9A1E7A4F7556}") = "StepLang", "StepLang\StepLang.csproj", "{D00C8F0A-5D09-415D-AC0A-E9480C8E27E9}"
EndProject
Project("{2150E333-8FDC-42A3-9474-1A3956D46DE8}") = "Solution Items", "Solution Items", "{4EC278E0-B181-49AF-BCC1-F1F4D7133B24}"
	ProjectSection(SolutionItems) = preProject
		.editorconfig = .editorconfig
		.gitattributes = .gitattributes
		.gitignore = .gitignore
		CHANGELOG.md = CHANGELOG.md
		CODE_OF_CONDUCT.md = CODE_OF_CONDUCT.md
		CONTRIBUTING.md = CONTRIBUTING.md
		Directory.Packages.props = Directory.Packages.props
		global.json = global.json
		LICENSE.md = LICENSE.md
		NuGet.Config = NuGet.Config
		README.md = README.md
		.gitmodules = .gitmodules
	EndProjectSection
EndProject
Project("{9A19103F-16F7-4668-BE54-9A1E7A4F7556}") = "StepLang.Tests", "StepLang.Tests\StepLang.Tests.csproj", "{CB5E44DF-C1D2-4DA9-8175-FD76F8D95A42}"
EndProject
Project("{9A19103F-16F7-4668-BE54-9A1E7A4F7556}") = "StepLang.CLI", "StepLang.CLI\StepLang.CLI.csproj", "{D8D36317-78E3-4FD9-B85B-12869B498983}"
EndProject
Project("{2150E333-8FDC-42A3-9474-1A3956D46DE8}") = "workflows", "workflows", "{995634A6-466A-41FB-BD99-D95F782EE11D}"
	ProjectSection(SolutionItems) = preProject
		.github\workflows\dotnet.yml = .github\workflows\dotnet.yml
		.github\workflows\publish.yml = .github\workflows\publish.yml
		.github\workflows\step.yml = .github\workflows\step.yml
		.github\workflows\wiki.yml = .github\workflows\wiki.yml
		.github\workflows\homepage.yml = .github\workflows\homepage.yml
		.github\workflows\report.yml = .github\workflows\report.yml
	EndProjectSection
EndProject
Project("{9A19103F-16F7-4668-BE54-9A1E7A4F7556}") = "StepLang.Tooling.Formatting", "StepLang.Tooling.Formatting\StepLang.Tooling.Formatting.csproj", "{728ABD46-2621-45BC-ACB1-0EF00267DCCC}"
EndProject
Project("{2150E333-8FDC-42A3-9474-1A3956D46DE8}") = "Tooling", "Tooling", "{A9BE3B66-38F1-454B-9A12-E1BF21E307CF}"
EndProject
Project("{9A19103F-16F7-4668-BE54-9A1E7A4F7556}") = "StepLang.Tooling.Formatting.Tests", "StepLang.Tooling.Formatting.Tests\StepLang.Tooling.Formatting.Tests.csproj", "{0DC701B1-15E9-4776-AFF5-9BBEA1C7D55B}"
EndProject
Project("{2150E333-8FDC-42A3-9474-1A3956D46DE8}") = ".github", ".github", "{83F45B93-DF47-468E-A956-38826263C018}"
EndProject
Project("{2150E333-8FDC-42A3-9474-1A3956D46DE8}") = "ISSUE_TEMPLATE", "ISSUE_TEMPLATE", "{851A3A44-33F7-45C6-86E9-914C5A76749B}"
	ProjectSection(SolutionItems) = preProject
		.github\ISSUE_TEMPLATE\bug_report.yml = .github\ISSUE_TEMPLATE\bug_report.yml
		.github\ISSUE_TEMPLATE\feature_request.yml = .github\ISSUE_TEMPLATE\feature_request.yml
	EndProjectSection
EndProject
Project("{FAE04EC0-301F-11D3-BF4B-00C04F79EFBC}") = "StepLang.CLI.Tests", "StepLang.CLI.Tests\StepLang.CLI.Tests.csproj", "{7C6CA345-D208-4C8E-B9E1-6A3621921AFA}"
EndProject
Project("{FAE04EC0-301F-11D3-BF4B-00C04F79EFBC}") = "StepLang.Tooling.Highlighting", "StepLang.Tooling.Highlighting\StepLang.Tooling.Highlighting.csproj", "{4C0CFABA-DFA6-43EA-BEA3-29CB8A1E83A0}"
EndProject
Project("{FAE04EC0-301F-11D3-BF4B-00C04F79EFBC}") = "StepLang.Wiki", "StepLang.Wiki\StepLang.Wiki.proj", "{3BE9363F-EC32-4325-87C7-B8BDF8F8B139}"
EndProject
Project("{2150E333-8FDC-42A3-9474-1A3956D46DE8}") = "Documentation", "Documentation", "{7DB97B10-29C3-4217-8911-2B36058B50D6}"
EndProject
Project("{FAE04EC0-301F-11D3-BF4B-00C04F79EFBC}") = "StepLang.Homepage", "StepLang.Homepage\StepLang.Homepage.proj", "{9F92D1B5-7391-4F60-8E38-08E9438BECCF}"
EndProject
Global
	GlobalSection(SolutionConfigurationPlatforms) = preSolution
		Debug|Any CPU = Debug|Any CPU
		Release|Any CPU = Release|Any CPU
	EndGlobalSection
	GlobalSection(ProjectConfigurationPlatforms) = postSolution
		{D00C8F0A-5D09-415D-AC0A-E9480C8E27E9}.Debug|Any CPU.ActiveCfg = Debug|Any CPU
		{D00C8F0A-5D09-415D-AC0A-E9480C8E27E9}.Debug|Any CPU.Build.0 = Debug|Any CPU
		{D00C8F0A-5D09-415D-AC0A-E9480C8E27E9}.Release|Any CPU.ActiveCfg = Release|Any CPU
		{D00C8F0A-5D09-415D-AC0A-E9480C8E27E9}.Release|Any CPU.Build.0 = Release|Any CPU
		{CB5E44DF-C1D2-4DA9-8175-FD76F8D95A42}.Debug|Any CPU.ActiveCfg = Debug|Any CPU
		{CB5E44DF-C1D2-4DA9-8175-FD76F8D95A42}.Debug|Any CPU.Build.0 = Debug|Any CPU
		{CB5E44DF-C1D2-4DA9-8175-FD76F8D95A42}.Release|Any CPU.ActiveCfg = Release|Any CPU
		{CB5E44DF-C1D2-4DA9-8175-FD76F8D95A42}.Release|Any CPU.Build.0 = Release|Any CPU
		{D8D36317-78E3-4FD9-B85B-12869B498983}.Debug|Any CPU.ActiveCfg = Debug|Any CPU
		{D8D36317-78E3-4FD9-B85B-12869B498983}.Debug|Any CPU.Build.0 = Debug|Any CPU
		{D8D36317-78E3-4FD9-B85B-12869B498983}.Release|Any CPU.ActiveCfg = Release|Any CPU
		{D8D36317-78E3-4FD9-B85B-12869B498983}.Release|Any CPU.Build.0 = Release|Any CPU
		{728ABD46-2621-45BC-ACB1-0EF00267DCCC}.Debug|Any CPU.ActiveCfg = Debug|Any CPU
		{728ABD46-2621-45BC-ACB1-0EF00267DCCC}.Debug|Any CPU.Build.0 = Debug|Any CPU
		{728ABD46-2621-45BC-ACB1-0EF00267DCCC}.Release|Any CPU.ActiveCfg = Release|Any CPU
		{728ABD46-2621-45BC-ACB1-0EF00267DCCC}.Release|Any CPU.Build.0 = Release|Any CPU
		{0DC701B1-15E9-4776-AFF5-9BBEA1C7D55B}.Debug|Any CPU.ActiveCfg = Debug|Any CPU
		{0DC701B1-15E9-4776-AFF5-9BBEA1C7D55B}.Debug|Any CPU.Build.0 = Debug|Any CPU
		{0DC701B1-15E9-4776-AFF5-9BBEA1C7D55B}.Release|Any CPU.ActiveCfg = Release|Any CPU
		{0DC701B1-15E9-4776-AFF5-9BBEA1C7D55B}.Release|Any CPU.Build.0 = Release|Any CPU
		{7C6CA345-D208-4C8E-B9E1-6A3621921AFA}.Debug|Any CPU.ActiveCfg = Debug|Any CPU
		{7C6CA345-D208-4C8E-B9E1-6A3621921AFA}.Debug|Any CPU.Build.0 = Debug|Any CPU
		{7C6CA345-D208-4C8E-B9E1-6A3621921AFA}.Release|Any CPU.ActiveCfg = Release|Any CPU
		{7C6CA345-D208-4C8E-B9E1-6A3621921AFA}.Release|Any CPU.Build.0 = Release|Any CPU
		{4C0CFABA-DFA6-43EA-BEA3-29CB8A1E83A0}.Debug|Any CPU.ActiveCfg = Debug|Any CPU
		{4C0CFABA-DFA6-43EA-BEA3-29CB8A1E83A0}.Debug|Any CPU.Build.0 = Debug|Any CPU
		{4C0CFABA-DFA6-43EA-BEA3-29CB8A1E83A0}.Release|Any CPU.ActiveCfg = Release|Any CPU
		{4C0CFABA-DFA6-43EA-BEA3-29CB8A1E83A0}.Release|Any CPU.Build.0 = Release|Any CPU
	EndGlobalSection
	GlobalSection(SolutionProperties) = preSolution
		HideSolutionNode = FALSE
	EndGlobalSection
	GlobalSection(NestedProjects) = preSolution
		{728ABD46-2621-45BC-ACB1-0EF00267DCCC} = {A9BE3B66-38F1-454B-9A12-E1BF21E307CF}
		{0DC701B1-15E9-4776-AFF5-9BBEA1C7D55B} = {A9BE3B66-38F1-454B-9A12-E1BF21E307CF}
		{995634A6-466A-41FB-BD99-D95F782EE11D} = {83F45B93-DF47-468E-A956-38826263C018}
		{851A3A44-33F7-45C6-86E9-914C5A76749B} = {83F45B93-DF47-468E-A956-38826263C018}
		{4C0CFABA-DFA6-43EA-BEA3-29CB8A1E83A0} = {A9BE3B66-38F1-454B-9A12-E1BF21E307CF}
		{3BE9363F-EC32-4325-87C7-B8BDF8F8B139} = {7DB97B10-29C3-4217-8911-2B36058B50D6}
		{9F92D1B5-7391-4F60-8E38-08E9438BECCF} = {7DB97B10-29C3-4217-8911-2B36058B50D6}
	EndGlobalSection
EndGlobal
