
Microsoft Visual Studio Solution File, Format Version 12.00
Project("{FAE04EC0-301F-11D3-BF4B-00C04F79EFBC}") = "StepLang.Wiki", "StepLang.Wiki\StepLang.Wiki.proj", "{3BE9363F-EC32-4325-87C7-B8BDF8F8B139}"
EndProject
Project("{FAE04EC0-301F-11D3-BF4B-00C04F79EFBC}") = "StepLang.Homepage", "StepLang.Homepage\StepLang.Homepage.proj", "{9F92D1B5-7391-4F60-8E38-08E9438BECCF}"
EndProject
Global
	GlobalSection(SolutionConfigurationPlatforms) = preSolution
		Debug|Any CPU = Debug|Any CPU
		Release|Any CPU = Release|Any CPU
	EndGlobalSection
EndGlobal
